
Microsoft Visual Studio Solution File, Format Version 12.00
# Visual Studio Version 16
VisualStudioVersion = 16.0.30128.74
MinimumVisualStudioVersion = 10.0.40219.1
Project("{9A19103F-16F7-4668-BE54-9A1E7A4F7556}") = "ConsoleApp1", "ConsoleApp1\ConsoleApp1.csproj", "{0F0BF3F0-525B-4CB4-91A7-000932E2A907}"
EndProject
Project("{9A19103F-16F7-4668-BE54-9A1E7A4F7556}") = "NUnitTestProject1", "NUnitTestProject1\NUnitTestProject1.csproj", "{41F5CD06-3950-4F74-9B5B-322ADF16E293}"
	ProjectSection(ProjectDependencies) = postProject
		{0F0BF3F0-525B-4CB4-91A7-000932E2A907} = {0F0BF3F0-525B-4CB4-91A7-000932E2A907}
	EndProjectSection
EndProject
Global
	GlobalSection(SolutionConfigurationPlatforms) = preSolution
		Debug|Any CPU = Debug|Any CPU
		Release|Any CPU = Release|Any CPU
	EndGlobalSection
	GlobalSection(ProjectConfigurationPlatforms) = postSolution
		{0F0BF3F0-525B-4CB4-91A7-000932E2A907}.Debug|Any CPU.ActiveCfg = Debug|Any CPU
		{0F0BF3F0-525B-4CB4-91A7-000932E2A907}.Debug|Any CPU.Build.0 = Debug|Any CPU
		{0F0BF3F0-525B-4CB4-91A7-000932E2A907}.Release|Any CPU.ActiveCfg = Release|Any CPU
		{0F0BF3F0-525B-4CB4-91A7-000932E2A907}.Release|Any CPU.Build.0 = Release|Any CPU
		{41F5CD06-3950-4F74-9B5B-322ADF16E293}.Debug|Any CPU.ActiveCfg = Debug|Any CPU
		{41F5CD06-3950-4F74-9B5B-322ADF16E293}.Debug|Any CPU.Build.0 = Debug|Any CPU
		{41F5CD06-3950-4F74-9B5B-322ADF16E293}.Release|Any CPU.ActiveCfg = Release|Any CPU
		{41F5CD06-3950-4F74-9B5B-322ADF16E293}.Release|Any CPU.Build.0 = Release|Any CPU
	EndGlobalSection
	GlobalSection(SolutionProperties) = preSolution
		HideSolutionNode = FALSE
	EndGlobalSection
	GlobalSection(ExtensibilityGlobals) = postSolution
		SolutionGuid = {91843E9D-E868-4234-BE9C-4A7EE5E9EAFE}
	EndGlobalSection
EndGlobal
