
Microsoft Visual Studio Solution File, Format Version 12.00
# Visual Studio Version 16
VisualStudioVersion = 16.0.30711.63
MinimumVisualStudioVersion = 10.0.40219.1
Project("{FAE04EC0-301F-11D3-BF4B-00C04F79EFBC}") = "Lab3Selenium", "Lab3Selenium\Lab3Selenium.csproj", "{283EB5F0-5705-43DB-9A00-B0530695D708}"
EndProject
Global
	GlobalSection(SolutionConfigurationPlatforms) = preSolution
		Debug|Any CPU = Debug|Any CPU
		Release|Any CPU = Release|Any CPU
	EndGlobalSection
	GlobalSection(ProjectConfigurationPlatforms) = postSolution
		{283EB5F0-5705-43DB-9A00-B0530695D708}.Debug|Any CPU.ActiveCfg = Debug|Any CPU
		{283EB5F0-5705-43DB-9A00-B0530695D708}.Debug|Any CPU.Build.0 = Debug|Any CPU
		{283EB5F0-5705-43DB-9A00-B0530695D708}.Release|Any CPU.ActiveCfg = Release|Any CPU
		{283EB5F0-5705-43DB-9A00-B0530695D708}.Release|Any CPU.Build.0 = Release|Any CPU
	EndGlobalSection
	GlobalSection(SolutionProperties) = preSolution
		HideSolutionNode = FALSE
	EndGlobalSection
	GlobalSection(ExtensibilityGlobals) = postSolution
		SolutionGuid = {7972C421-74E0-46DB-9EAD-0B8EA918CFB1}
	EndGlobalSection
EndGlobal
